// !$*UTF8*$!
{
	archiveVersion = 1;
	classes = {
	};
	objectVersion = 50;
	objects = {

/* Begin PBXBuildFile section */
		076F5B71248DED61003042B4 /* Alert.swift in Sources */ = {isa = PBXBuildFile; fileRef = 076F5B70248DED61003042B4 /* Alert.swift */; };
		0774C6CA248DB7650050349E /* HomeViewController.swift in Sources */ = {isa = PBXBuildFile; fileRef = 0774C6C8248DB7650050349E /* HomeViewController.swift */; };
		0774C6CB248DB7650050349E /* HomeViewController.xib in Resources */ = {isa = PBXBuildFile; fileRef = 0774C6C9248DB7650050349E /* HomeViewController.xib */; };
		0774C6CD248DBF4C0050349E /* PlayViewController.swift in Sources */ = {isa = PBXBuildFile; fileRef = 0774C6CC248DBF4C0050349E /* PlayViewController.swift */; };
		07CE0364248A221F00833F6D /* AppDelegate.swift in Sources */ = {isa = PBXBuildFile; fileRef = 07CE0363248A221F00833F6D /* AppDelegate.swift */; };
		07CE0366248A221F00833F6D /* SceneDelegate.swift in Sources */ = {isa = PBXBuildFile; fileRef = 07CE0365248A221F00833F6D /* SceneDelegate.swift */; };
		07CE0368248A221F00833F6D /* ViewController.swift in Sources */ = {isa = PBXBuildFile; fileRef = 07CE0367248A221F00833F6D /* ViewController.swift */; };
		07CE036B248A221F00833F6D /* Main.storyboard in Resources */ = {isa = PBXBuildFile; fileRef = 07CE0369248A221F00833F6D /* Main.storyboard */; };
		07CE036D248A222200833F6D /* Assets.xcassets in Resources */ = {isa = PBXBuildFile; fileRef = 07CE036C248A222200833F6D /* Assets.xcassets */; };
		07CE0370248A222200833F6D /* LaunchScreen.storyboard in Resources */ = {isa = PBXBuildFile; fileRef = 07CE036E248A222200833F6D /* LaunchScreen.storyboard */; };
/* End PBXBuildFile section */

/* Begin PBXFileReference section */
		076F5B70248DED61003042B4 /* Alert.swift */ = {isa = PBXFileReference; lastKnownFileType = sourcecode.swift; path = Alert.swift; sourceTree = "<group>"; };
		0774C6C8248DB7650050349E /* HomeViewController.swift */ = {isa = PBXFileReference; lastKnownFileType = sourcecode.swift; path = HomeViewController.swift; sourceTree = "<group>"; };
		0774C6C9248DB7650050349E /* HomeViewController.xib */ = {isa = PBXFileReference; lastKnownFileType = file.xib; path = HomeViewController.xib; sourceTree = "<group>"; };
		0774C6CC248DBF4C0050349E /* PlayViewController.swift */ = {isa = PBXFileReference; lastKnownFileType = sourcecode.swift; path = PlayViewController.swift; sourceTree = "<group>"; };
		07CE0360248A221F00833F6D /* TebakAngka.app */ = {isa = PBXFileReference; explicitFileType = wrapper.application; includeInIndex = 0; path = TebakAngka.app; sourceTree = BUILT_PRODUCTS_DIR; };
		07CE0363248A221F00833F6D /* AppDelegate.swift */ = {isa = PBXFileReference; lastKnownFileType = sourcecode.swift; path = AppDelegate.swift; sourceTree = "<group>"; };
		07CE0365248A221F00833F6D /* SceneDelegate.swift */ = {isa = PBXFileReference; lastKnownFileType = sourcecode.swift; path = SceneDelegate.swift; sourceTree = "<group>"; };
		07CE0367248A221F00833F6D /* ViewController.swift */ = {isa = PBXFileReference; lastKnownFileType = sourcecode.swift; path = ViewController.swift; sourceTree = "<group>"; };
		07CE036A248A221F00833F6D /* Base */ = {isa = PBXFileReference; lastKnownFileType = file.storyboard; name = Base; path = Base.lproj/Main.storyboard; sourceTree = "<group>"; };
		07CE036C248A222200833F6D /* Assets.xcassets */ = {isa = PBXFileReference; lastKnownFileType = folder.assetcatalog; path = Assets.xcassets; sourceTree = "<group>"; };
		07CE036F248A222200833F6D /* Base */ = {isa = PBXFileReference; lastKnownFileType = file.storyboard; name = Base; path = Base.lproj/LaunchScreen.storyboard; sourceTree = "<group>"; };
		07CE0371248A222200833F6D /* Info.plist */ = {isa = PBXFileReference; lastKnownFileType = text.plist.xml; path = Info.plist; sourceTree = "<group>"; };
/* End PBXFileReference section */

/* Begin PBXFrameworksBuildPhase section */
		07CE035D248A221F00833F6D /* Frameworks */ = {
			isa = PBXFrameworksBuildPhase;
			buildActionMask = 2147483647;
			files = (
			);
			runOnlyForDeploymentPostprocessing = 0;
		};
/* End PBXFrameworksBuildPhase section */

/* Begin PBXGroup section */
		07CE0357248A221E00833F6D = {
			isa = PBXGroup;
			children = (
				07CE0362248A221F00833F6D /* TebakAngka */,
				07CE0361248A221F00833F6D /* Products */,
			);
			sourceTree = "<group>";
		};
		07CE0361248A221F00833F6D /* Products */ = {
			isa = PBXGroup;
			children = (
				07CE0360248A221F00833F6D /* TebakAngka.app */,
			);
			name = Products;
			sourceTree = "<group>";
		};
		07CE0362248A221F00833F6D /* TebakAngka */ = {
			isa = PBXGroup;
			children = (
				07CE0363248A221F00833F6D /* AppDelegate.swift */,
				07CE0365248A221F00833F6D /* SceneDelegate.swift */,
				07CE0367248A221F00833F6D /* ViewController.swift */,
				07CE0369248A221F00833F6D /* Main.storyboard */,
				07CE036C248A222200833F6D /* Assets.xcassets */,
				07CE036E248A222200833F6D /* LaunchScreen.storyboard */,
				07CE0371248A222200833F6D /* Info.plist */,
				0774C6C8248DB7650050349E /* HomeViewController.swift */,
				0774C6C9248DB7650050349E /* HomeViewController.xib */,
				0774C6CC248DBF4C0050349E /* PlayViewController.swift */,
				076F5B70248DED61003042B4 /* Alert.swift */,
			);
			path = TebakAngka;
			sourceTree = "<group>";
		};
/* End PBXGroup section */

/* Begin PBXNativeTarget section */
		07CE035F248A221F00833F6D /* TebakAngka */ = {
			isa = PBXNativeTarget;
			buildConfigurationList = 07CE0374248A222200833F6D /* Build configuration list for PBXNativeTarget "TebakAngka" */;
			buildPhases = (
				07CE035C248A221F00833F6D /* Sources */,
				07CE035D248A221F00833F6D /* Frameworks */,
				07CE035E248A221F00833F6D /* Resources */,
			);
			buildRules = (
			);
			dependencies = (
			);
			name = TebakAngka;
			productName = TebakAngka;
			productReference = 07CE0360248A221F00833F6D /* TebakAngka.app */;
			productType = "com.apple.product-type.application";
		};
/* End PBXNativeTarget section */

/* Begin PBXProject section */
		07CE0358248A221E00833F6D /* Project object */ = {
			isa = PBXProject;
			attributes = {
				LastSwiftUpdateCheck = 1130;
				LastUpgradeCheck = 1130;
				ORGANIZATIONNAME = "Rifqi Alfaizi";
				TargetAttributes = {
					07CE035F248A221F00833F6D = {
						CreatedOnToolsVersion = 11.3.1;
					};
				};
			};
			buildConfigurationList = 07CE035B248A221E00833F6D /* Build configuration list for PBXProject "TebakAngka" */;
			compatibilityVersion = "Xcode 9.3";
			developmentRegion = en;
			hasScannedForEncodings = 0;
			knownRegions = (
				en,
				Base,
			);
			mainGroup = 07CE0357248A221E00833F6D;
			productRefGroup = 07CE0361248A221F00833F6D /* Products */;
			projectDirPath = "";
			projectRoot = "";
			targets = (
				07CE035F248A221F00833F6D /* TebakAngka */,
			);
		};
/* End PBXProject section */

/* Begin PBXResourcesBuildPhase section */
		07CE035E248A221F00833F6D /* Resources */ = {
			isa = PBXResourcesBuildPhase;
			buildActionMask = 2147483647;
			files = (
				07CE0370248A222200833F6D /* LaunchScreen.storyboard in Resources */,
				07CE036D248A222200833F6D /* Assets.xcassets in Resources */,
				07CE036B248A221F00833F6D /* Main.storyboard in Resources */,
				0774C6CB248DB7650050349E /* HomeViewController.xib in Resources */,
			);
			runOnlyForDeploymentPostprocessing = 0;
		};
/* End PBXResourcesBuildPhase section */

/* Begin PBXSourcesBuildPhase section */
		07CE035C248A221F00833F6D /* Sources */ = {
			isa = PBXSourcesBuildPhase;
			buildActionMask = 2147483647;
			files = (
				076F5B71248DED61003042B4 /* Alert.swift in Sources */,
				07CE0368248A221F00833F6D /* ViewController.swift in Sources */,
				0774C6CD248DBF4C0050349E /* PlayViewController.swift in Sources */,
				07CE0364248A221F00833F6D /* AppDelegate.swift in Sources */,
				07CE0366248A221F00833F6D /* SceneDelegate.swift in Sources */,
				0774C6CA248DB7650050349E /* HomeViewController.swift in Sources */,
			);
			runOnlyForDeploymentPostprocessing = 0;
		};
/* End PBXSourcesBuildPhase section */

/* Begin PBXVariantGroup section */
		07CE0369248A221F00833F6D /* Main.storyboard */ = {
			isa = PBXVariantGroup;
			children = (
				07CE036A248A221F00833F6D /* Base */,
			);
			name = Main.storyboard;
			sourceTree = "<group>";
		};
		07CE036E248A222200833F6D /* LaunchScreen.storyboard */ = {
			isa = PBXVariantGroup;
			children = (
				07CE036F248A222200833F6D /* Base */,
			);
			name = LaunchScreen.storyboard;
			sourceTree = "<group>";
		};
/* End PBXVariantGroup section */

/* Begin XCBuildConfiguration section */
		07CE0372248A222200833F6D /* Debug */ = {
			isa = XCBuildConfiguration;
			buildSettings = {
				ALWAYS_SEARCH_USER_PATHS = NO;
				CLANG_ANALYZER_NONNULL = YES;
				CLANG_ANALYZER_NUMBER_OBJECT_CONVERSION = YES_AGGRESSIVE;
				CLANG_CXX_LANGUAGE_STANDARD = "gnu++14";
				CLANG_CXX_LIBRARY = "libc++";
				CLANG_ENABLE_MODULES = YES;
				CLANG_ENABLE_OBJC_ARC = YES;
				CLANG_ENABLE_OBJC_WEAK = YES;
				CLANG_WARN_BLOCK_CAPTURE_AUTORELEASING = YES;
				CLANG_WARN_BOOL_CONVERSION = YES;
				CLANG_WARN_COMMA = YES;
				CLANG_WARN_CONSTANT_CONVERSION = YES;
				CLANG_WARN_DEPRECATED_OBJC_IMPLEMENTATIONS = YES;
				CLANG_WARN_DIRECT_OBJC_ISA_USAGE = YES_ERROR;
				CLANG_WARN_DOCUMENTATION_COMMENTS = YES;
				CLANG_WARN_EMPTY_BODY = YES;
				CLANG_WARN_ENUM_CONVERSION = YES;
				CLANG_WARN_INFINITE_RECURSION = YES;
				CLANG_WARN_INT_CONVERSION = YES;
				CLANG_WARN_NON_LITERAL_NULL_CONVERSION = YES;
				CLANG_WARN_OBJC_IMPLICIT_RETAIN_SELF = YES;
				CLANG_WARN_OBJC_LITERAL_CONVERSION = YES;
				CLANG_WARN_OBJC_ROOT_CLASS = YES_ERROR;
				CLANG_WARN_RANGE_LOOP_ANALYSIS = YES;
				CLANG_WARN_STRICT_PROTOTYPES = YES;
				CLANG_WARN_SUSPICIOUS_MOVE = YES;
				CLANG_WARN_UNGUARDED_AVAILABILITY = YES_AGGRESSIVE;
				CLANG_WARN_UNREACHABLE_CODE = YES;
				CLANG_WARN__DUPLICATE_METHOD_MATCH = YES;
				COPY_PHASE_STRIP = NO;
				DEBUG_INFORMATION_FORMAT = dwarf;
				ENABLE_STRICT_OBJC_MSGSEND = YES;
				ENABLE_TESTABILITY = YES;
				GCC_C_LANGUAGE_STANDARD = gnu11;
				GCC_DYNAMIC_NO_PIC = NO;
				GCC_NO_COMMON_BLOCKS = YES;
				GCC_OPTIMIZATION_LEVEL = 0;
				GCC_PREPROCESSOR_DEFINITIONS = (
					"DEBUG=1",
					"$(inherited)",
				);
				GCC_WARN_64_TO_32_BIT_CONVERSION = YES;
				GCC_WARN_ABOUT_RETURN_TYPE = YES_ERROR;
				GCC_WARN_UNDECLARED_SELECTOR = YES;
				GCC_WARN_UNINITIALIZED_AUTOS = YES_AGGRESSIVE;
				GCC_WARN_UNUSED_FUNCTION = YES;
				GCC_WARN_UNUSED_VARIABLE = YES;
				IPHONEOS_DEPLOYMENT_TARGET = 13.2;
				MTL_ENABLE_DEBUG_INFO = INCLUDE_SOURCE;
				MTL_FAST_MATH = YES;
				ONLY_ACTIVE_ARCH = YES;
				SDKROOT = iphoneos;
				SWIFT_ACTIVE_COMPILATION_CONDITIONS = DEBUG;
				SWIFT_OPTIMIZATION_LEVEL = "-Onone";
			};
			name = Debug;
		};
		07CE0373248A222200833F6D /* Release */ = {
			isa = XCBuildConfiguration;
			buildSettings = {
				ALWAYS_SEARCH_USER_PATHS = NO;
				CLANG_ANALYZER_NONNULL = YES;
				CLANG_ANALYZER_NUMBER_OBJECT_CONVERSION = YES_AGGRESSIVE;
				CLANG_CXX_LANGUAGE_STANDARD = "gnu++14";
				CLANG_CXX_LIBRARY = "libc++";
				CLANG_ENABLE_MODULES = YES;
				CLANG_ENABLE_OBJC_ARC = YES;
				CLANG_ENABLE_OBJC_WEAK = YES;
				CLANG_WARN_BLOCK_CAPTURE_AUTORELEASING = YES;
				CLANG_WARN_BOOL_CONVERSION = YES;
				CLANG_WARN_COMMA = YES;
				CLANG_WARN_CONSTANT_CONVERSION = YES;
				CLANG_WARN_DEPRECATED_OBJC_IMPLEMENTATIONS = YES;
				CLANG_WARN_DIRECT_OBJC_ISA_USAGE = YES_ERROR;
				CLANG_WARN_DOCUMENTATION_COMMENTS = YES;
				CLANG_WARN_EMPTY_BODY = YES;
				CLANG_WARN_ENUM_CONVERSION = YES;
				CLANG_WARN_INFINITE_RECURSION = YES;
				CLANG_WARN_INT_CONVERSION = YES;
				CLANG_WARN_NON_LITERAL_NULL_CONVERSION = YES;
				CLANG_WARN_OBJC_IMPLICIT_RETAIN_SELF = YES;
				CLANG_WARN_OBJC_LITERAL_CONVERSION = YES;
				CLANG_WARN_OBJC_ROOT_CLASS = YES_ERROR;
				CLANG_WARN_RANGE_LOOP_ANALYSIS = YES;
				CLANG_WARN_STRICT_PROTOTYPES = YES;
				CLANG_WARN_SUSPICIOUS_MOVE = YES;
				CLANG_WARN_UNGUARDED_AVAILABILITY = YES_AGGRESSIVE;
				CLANG_WARN_UNREACHABLE_CODE = YES;
				CLANG_WARN__DUPLICATE_METHOD_MATCH = YES;
				COPY_PHASE_STRIP = NO;
				DEBUG_INFORMATION_FORMAT = "dwarf-with-dsym";
				ENABLE_NS_ASSERTIONS = NO;
				ENABLE_STRICT_OBJC_MSGSEND = YES;
				GCC_C_LANGUAGE_STANDARD = gnu11;
				GCC_NO_COMMON_BLOCKS = YES;
				GCC_WARN_64_TO_32_BIT_CONVERSION = YES;
				GCC_WARN_ABOUT_RETURN_TYPE = YES_ERROR;
				GCC_WARN_UNDECLARED_SELECTOR = YES;
				GCC_WARN_UNINITIALIZED_AUTOS = YES_AGGRESSIVE;
				GCC_WARN_UNUSED_FUNCTION = YES;
				GCC_WARN_UNUSED_VARIABLE = YES;
				IPHONEOS_DEPLOYMENT_TARGET = 13.2;
				MTL_ENABLE_DEBUG_INFO = NO;
				MTL_FAST_MATH = YES;
				SDKROOT = iphoneos;
				SWIFT_COMPILATION_MODE = wholemodule;
				SWIFT_OPTIMIZATION_LEVEL = "-O";
				VALIDATE_PRODUCT = YES;
			};
			name = Release;
		};
		07CE0375248A222200833F6D /* Debug */ = {
			isa = XCBuildConfiguration;
			buildSettings = {
				ASSETCATALOG_COMPILER_APPICON_NAME = AppIcon;
				CODE_SIGN_STYLE = Automatic;
				DEVELOPMENT_TEAM = DQ8BV97XCZ;
				INFOPLIST_FILE = TebakAngka/Info.plist;
				LD_RUNPATH_SEARCH_PATHS = (
					"$(inherited)",
					"@executable_path/Frameworks",
				);
				PRODUCT_BUNDLE_IDENTIFIER = com.rifqialfaizi.TebakAngka;
				PRODUCT_NAME = "$(TARGET_NAME)";
				SWIFT_VERSION = 5.0;
				TARGETED_DEVICE_FAMILY = "1,2";
			};
			name = Debug;
		};
		07CE0376248A222200833F6D /* Release */ = {
			isa = XCBuildConfiguration;
			buildSettings = {
				ASSETCATALOG_COMPILER_APPICON_NAME = AppIcon;
				CODE_SIGN_STYLE = Automatic;
				DEVELOPMENT_TEAM = DQ8BV97XCZ;
				INFOPLIST_FILE = TebakAngka/Info.plist;
				LD_RUNPATH_SEARCH_PATHS = (
					"$(inherited)",
					"@executable_path/Frameworks",
				);
				PRODUCT_BUNDLE_IDENTIFIER = com.rifqialfaizi.TebakAngka;
				PRODUCT_NAME = "$(TARGET_NAME)";
				SWIFT_VERSION = 5.0;
				TARGETED_DEVICE_FAMILY = "1,2";
			};
			name = Release;
		};
/* End XCBuildConfiguration section */

/* Begin XCConfigurationList section */
		07CE035B248A221E00833F6D /* Build configuration list for PBXProject "TebakAngka" */ = {
			isa = XCConfigurationList;
			buildConfigurations = (
				07CE0372248A222200833F6D /* Debug */,
				07CE0373248A222200833F6D /* Release */,
			);
			defaultConfigurationIsVisible = 0;
			defaultConfigurationName = Release;
		};
		07CE0374248A222200833F6D /* Build configuration list for PBXNativeTarget "TebakAngka" */ = {
			isa = XCConfigurationList;
			buildConfigurations = (
				07CE0375248A222200833F6D /* Debug */,
				07CE0376248A222200833F6D /* Release */,
			);
			defaultConfigurationIsVisible = 0;
			defaultConfigurationName = Release;
		};
/* End XCConfigurationList section */
	};
	rootObject = 07CE0358248A221E00833F6D /* Project object */;
}
